// !$*UTF8*$!
{
	archiveVersion = 1;
	classes = {
	};
	objectVersion = 52;
	objects = {

/* Begin PBXBuildFile section */
		DC1ED0F026DFCD3C00FFA769 /* LiveBadge.swift in Sources */ = {isa = PBXBuildFile; fileRef = DC1ED0EF26DFCD3C00FFA769 /* LiveBadge.swift */; };
		DC1ED0F726E12C7400FFA769 /* ProgressHUD.swift in Sources */ = {isa = PBXBuildFile; fileRef = DC1ED0F626E12C7400FFA769 /* ProgressHUD.swift */; };
		DC1ED0F926E1440200FFA769 /* StreamStatusView.swift in Sources */ = {isa = PBXBuildFile; fileRef = DC1ED0F826E1440200FFA769 /* StreamStatusView.swift */; };
		DC1ED0FB26E144AE00FFA769 /* StreamToolbarButton.swift in Sources */ = {isa = PBXBuildFile; fileRef = DC1ED0FA26E144AE00FFA769 /* StreamToolbarButton.swift */; };
		DC1ED0FD26E14D0B00FFA769 /* StreamToolbar.swift in Sources */ = {isa = PBXBuildFile; fileRef = DC1ED0FC26E14D0B00FFA769 /* StreamToolbar.swift */; };
		DC4AA65926D0133600E677D5 /* Color.swift in Sources */ = {isa = PBXBuildFile; fileRef = DC4AA65826D0133600E677D5 /* Color.swift */; };
		DC4AA66026D047DD00E677D5 /* FormTextFieldStyle.swift in Sources */ = {isa = PBXBuildFile; fileRef = DC4AA65F26D047DD00E677D5 /* FormTextFieldStyle.swift */; };
		DC4AA66226D0493E00E677D5 /* PrimaryButtonStyle.swift in Sources */ = {isa = PBXBuildFile; fileRef = DC4AA66126D0493E00E677D5 /* PrimaryButtonStyle.swift */; };
		DC4AA66526D1456100E677D5 /* AuthManager.swift in Sources */ = {isa = PBXBuildFile; fileRef = DC4AA66426D1456100E677D5 /* AuthManager.swift */; };
		DC4AA66826D175A600E677D5 /* SwiftyUserDefaults in Frameworks */ = {isa = PBXBuildFile; productRef = DC4AA66726D175A600E677D5 /* SwiftyUserDefaults */; };
		DC5F453926CC061A009C5C79 /* LiveVideoApp.swift in Sources */ = {isa = PBXBuildFile; fileRef = DC5F453826CC061A009C5C79 /* LiveVideoApp.swift */; };
		DC5F453B26CC061A009C5C79 /* HomeView.swift in Sources */ = {isa = PBXBuildFile; fileRef = DC5F453A26CC061A009C5C79 /* HomeView.swift */; };
		DC5F453D26CC061F009C5C79 /* Assets.xcassets in Resources */ = {isa = PBXBuildFile; fileRef = DC5F453C26CC061F009C5C79 /* Assets.xcassets */; };
		DC5F454026CC061F009C5C79 /* Preview Assets.xcassets in Resources */ = {isa = PBXBuildFile; fileRef = DC5F453F26CC061F009C5C79 /* Preview Assets.xcassets */; };
		DC5F454B26CC061F009C5C79 /* LiveVideoTests.swift in Sources */ = {isa = PBXBuildFile; fileRef = DC5F454A26CC061F009C5C79 /* LiveVideoTests.swift */; };
		DC5F455626CC061F009C5C79 /* LiveVideoUITests.swift in Sources */ = {isa = PBXBuildFile; fileRef = DC5F455526CC061F009C5C79 /* LiveVideoUITests.swift */; };
		DC5F458326CDBA0B009C5C79 /* SignInView.swift in Sources */ = {isa = PBXBuildFile; fileRef = DC5F458226CDBA0B009C5C79 /* SignInView.swift */; };
		DC5F458626CEA6CE009C5C79 /* InAppSettingsKit in Frameworks */ = {isa = PBXBuildFile; productRef = DC5F458526CEA6CE009C5C79 /* InAppSettingsKit */; };
		DC5F458826CEA7CB009C5C79 /* SettingsView.swift in Sources */ = {isa = PBXBuildFile; fileRef = DC5F458726CEA7CB009C5C79 /* SettingsView.swift */; };
		DC5F458A26CEB413009C5C79 /* InAppSettings.bundle in Resources */ = {isa = PBXBuildFile; fileRef = DC5F458926CEB413009C5C79 /* InAppSettings.bundle */; };
		DC5F458D26CEBCC9009C5C79 /* TwilioVideo in Frameworks */ = {isa = PBXBuildFile; productRef = DC5F458C26CEBCC9009C5C79 /* TwilioVideo */; };
		DC5F458F26CEBEC8009C5C79 /* AppInfoStore.swift in Sources */ = {isa = PBXBuildFile; fileRef = DC5F458E26CEBEC8009C5C79 /* AppInfoStore.swift */; };
		DC5F459426CEC1FF009C5C79 /* UserDefaultsManager.swift in Sources */ = {isa = PBXBuildFile; fileRef = DC5F459326CEC1FF009C5C79 /* UserDefaultsManager.swift */; };
		DC5F459626CEC247009C5C79 /* UserDefaultsKeys.swift in Sources */ = {isa = PBXBuildFile; fileRef = DC5F459526CEC246009C5C79 /* UserDefaultsKeys.swift */; };
		DCC1D62626D9396400892038 /* StreamManager.swift in Sources */ = {isa = PBXBuildFile; fileRef = DCC1D62526D9396400892038 /* StreamManager.swift */; };
		DCC1D62826D9568700892038 /* StreamConfig.swift in Sources */ = {isa = PBXBuildFile; fileRef = DCC1D62726D9568700892038 /* StreamConfig.swift */; };
		DCC1D62A26D9643400892038 /* FormStack.swift in Sources */ = {isa = PBXBuildFile; fileRef = DCC1D62926D9643400892038 /* FormStack.swift */; };
		DCC1D62C26D97BB200892038 /* ErrorAlert.swift in Sources */ = {isa = PBXBuildFile; fileRef = DCC1D62B26D97BB200892038 /* ErrorAlert.swift */; };
		DCC48F7126D805C300EE49EF /* TwilioPlayer in Frameworks */ = {isa = PBXBuildFile; productRef = DCC48F7026D805C300EE49EF /* TwilioPlayer */; };
		DCC48F7426D80BC300EE49EF /* JoinStreamView.swift in Sources */ = {isa = PBXBuildFile; fileRef = DCC48F7326D80BC300EE49EF /* JoinStreamView.swift */; };
		DCC48F7726D8116C00EE49EF /* StreamView.swift in Sources */ = {isa = PBXBuildFile; fileRef = DCC48F7626D8116C00EE49EF /* StreamView.swift */; };
		DCC48F8926D8288B00EE49EF /* APIErrorResponse.swift in Sources */ = {isa = PBXBuildFile; fileRef = DCC48F7A26D8288B00EE49EF /* APIErrorResponse.swift */; };
		DCC48F8A26D8288B00EE49EF /* API.swift in Sources */ = {isa = PBXBuildFile; fileRef = DCC48F7B26D8288B00EE49EF /* API.swift */; };
		DCC48F8B26D8288B00EE49EF /* APIRequest.swift in Sources */ = {isa = PBXBuildFile; fileRef = DCC48F7C26D8288B00EE49EF /* APIRequest.swift */; };
		DCC48F9826D828E500EE49EF /* Alamofire in Frameworks */ = {isa = PBXBuildFile; productRef = DCC48F9726D828E500EE49EF /* Alamofire */; };
		DCC48F9B26D8296300EE49EF /* LiveVideoError.swift in Sources */ = {isa = PBXBuildFile; fileRef = DCC48F9A26D8296300EE49EF /* LiveVideoError.swift */; };
		DCC48F9D26D82E9300EE49EF /* StreamTokenRequest.swift in Sources */ = {isa = PBXBuildFile; fileRef = DCC48F9C26D82E9300EE49EF /* StreamTokenRequest.swift */; };
		DCC48FA126D8311700EE49EF /* PlayerManager.swift in Sources */ = {isa = PBXBuildFile; fileRef = DCC48FA026D8311700EE49EF /* PlayerManager.swift */; };
		DCC48FA326D8322900EE49EF /* SwiftUIPlayerView.swift in Sources */ = {isa = PBXBuildFile; fileRef = DCC48FA226D8322900EE49EF /* SwiftUIPlayerView.swift */; };
/* End PBXBuildFile section */

/* Begin PBXContainerItemProxy section */
		DC5F454726CC061F009C5C79 /* PBXContainerItemProxy */ = {
			isa = PBXContainerItemProxy;
			containerPortal = DC5F452D26CC061A009C5C79 /* Project object */;
			proxyType = 1;
			remoteGlobalIDString = DC5F453426CC061A009C5C79;
			remoteInfo = LiveVideo;
		};
		DC5F455226CC061F009C5C79 /* PBXContainerItemProxy */ = {
			isa = PBXContainerItemProxy;
			containerPortal = DC5F452D26CC061A009C5C79 /* Project object */;
			proxyType = 1;
			remoteGlobalIDString = DC5F453426CC061A009C5C79;
			remoteInfo = LiveVideo;
		};
/* End PBXContainerItemProxy section */

/* Begin PBXFileReference section */
		DC1ED0EF26DFCD3C00FFA769 /* LiveBadge.swift */ = {isa = PBXFileReference; lastKnownFileType = sourcecode.swift; path = LiveBadge.swift; sourceTree = "<group>"; };
		DC1ED0F626E12C7400FFA769 /* ProgressHUD.swift */ = {isa = PBXFileReference; lastKnownFileType = sourcecode.swift; path = ProgressHUD.swift; sourceTree = "<group>"; };
		DC1ED0F826E1440200FFA769 /* StreamStatusView.swift */ = {isa = PBXFileReference; lastKnownFileType = sourcecode.swift; path = StreamStatusView.swift; sourceTree = "<group>"; };
		DC1ED0FA26E144AE00FFA769 /* StreamToolbarButton.swift */ = {isa = PBXFileReference; lastKnownFileType = sourcecode.swift; path = StreamToolbarButton.swift; sourceTree = "<group>"; };
		DC1ED0FC26E14D0B00FFA769 /* StreamToolbar.swift */ = {isa = PBXFileReference; lastKnownFileType = sourcecode.swift; path = StreamToolbar.swift; sourceTree = "<group>"; };
		DC4AA65826D0133600E677D5 /* Color.swift */ = {isa = PBXFileReference; lastKnownFileType = sourcecode.swift; path = Color.swift; sourceTree = "<group>"; };
		DC4AA65F26D047DD00E677D5 /* FormTextFieldStyle.swift */ = {isa = PBXFileReference; lastKnownFileType = sourcecode.swift; path = FormTextFieldStyle.swift; sourceTree = "<group>"; };
		DC4AA66126D0493E00E677D5 /* PrimaryButtonStyle.swift */ = {isa = PBXFileReference; lastKnownFileType = sourcecode.swift; path = PrimaryButtonStyle.swift; sourceTree = "<group>"; };
		DC4AA66426D1456100E677D5 /* AuthManager.swift */ = {isa = PBXFileReference; lastKnownFileType = sourcecode.swift; path = AuthManager.swift; sourceTree = "<group>"; };
		DC5F453526CC061A009C5C79 /* LiveVideo.app */ = {isa = PBXFileReference; explicitFileType = wrapper.application; includeInIndex = 0; path = LiveVideo.app; sourceTree = BUILT_PRODUCTS_DIR; };
		DC5F453826CC061A009C5C79 /* LiveVideoApp.swift */ = {isa = PBXFileReference; lastKnownFileType = sourcecode.swift; path = LiveVideoApp.swift; sourceTree = "<group>"; };
		DC5F453A26CC061A009C5C79 /* HomeView.swift */ = {isa = PBXFileReference; lastKnownFileType = sourcecode.swift; path = HomeView.swift; sourceTree = "<group>"; };
		DC5F453C26CC061F009C5C79 /* Assets.xcassets */ = {isa = PBXFileReference; lastKnownFileType = folder.assetcatalog; path = Assets.xcassets; sourceTree = "<group>"; };
		DC5F453F26CC061F009C5C79 /* Preview Assets.xcassets */ = {isa = PBXFileReference; lastKnownFileType = folder.assetcatalog; path = "Preview Assets.xcassets"; sourceTree = "<group>"; };
		DC5F454126CC061F009C5C79 /* Info.plist */ = {isa = PBXFileReference; lastKnownFileType = text.plist.xml; path = Info.plist; sourceTree = "<group>"; };
		DC5F454626CC061F009C5C79 /* LiveVideoTests.xctest */ = {isa = PBXFileReference; explicitFileType = wrapper.cfbundle; includeInIndex = 0; path = LiveVideoTests.xctest; sourceTree = BUILT_PRODUCTS_DIR; };
		DC5F454A26CC061F009C5C79 /* LiveVideoTests.swift */ = {isa = PBXFileReference; lastKnownFileType = sourcecode.swift; path = LiveVideoTests.swift; sourceTree = "<group>"; };
		DC5F454C26CC061F009C5C79 /* Info.plist */ = {isa = PBXFileReference; lastKnownFileType = text.plist.xml; path = Info.plist; sourceTree = "<group>"; };
		DC5F455126CC061F009C5C79 /* LiveVideoUITests.xctest */ = {isa = PBXFileReference; explicitFileType = wrapper.cfbundle; includeInIndex = 0; path = LiveVideoUITests.xctest; sourceTree = BUILT_PRODUCTS_DIR; };
		DC5F455526CC061F009C5C79 /* LiveVideoUITests.swift */ = {isa = PBXFileReference; lastKnownFileType = sourcecode.swift; path = LiveVideoUITests.swift; sourceTree = "<group>"; };
		DC5F455726CC061F009C5C79 /* Info.plist */ = {isa = PBXFileReference; lastKnownFileType = text.plist.xml; path = Info.plist; sourceTree = "<group>"; };
		DC5F458226CDBA0B009C5C79 /* SignInView.swift */ = {isa = PBXFileReference; lastKnownFileType = sourcecode.swift; path = SignInView.swift; sourceTree = "<group>"; };
		DC5F458726CEA7CB009C5C79 /* SettingsView.swift */ = {isa = PBXFileReference; lastKnownFileType = sourcecode.swift; path = SettingsView.swift; sourceTree = "<group>"; };
		DC5F458926CEB413009C5C79 /* InAppSettings.bundle */ = {isa = PBXFileReference; lastKnownFileType = "wrapper.plug-in"; path = InAppSettings.bundle; sourceTree = "<group>"; };
		DC5F458E26CEBEC8009C5C79 /* AppInfoStore.swift */ = {isa = PBXFileReference; lastKnownFileType = sourcecode.swift; path = AppInfoStore.swift; sourceTree = "<group>"; };
		DC5F459326CEC1FF009C5C79 /* UserDefaultsManager.swift */ = {isa = PBXFileReference; lastKnownFileType = sourcecode.swift; path = UserDefaultsManager.swift; sourceTree = "<group>"; };
		DC5F459526CEC246009C5C79 /* UserDefaultsKeys.swift */ = {isa = PBXFileReference; lastKnownFileType = sourcecode.swift; path = UserDefaultsKeys.swift; sourceTree = "<group>"; };
		DCC1D62526D9396400892038 /* StreamManager.swift */ = {isa = PBXFileReference; lastKnownFileType = sourcecode.swift; path = StreamManager.swift; sourceTree = "<group>"; };
		DCC1D62726D9568700892038 /* StreamConfig.swift */ = {isa = PBXFileReference; lastKnownFileType = sourcecode.swift; path = StreamConfig.swift; sourceTree = "<group>"; };
		DCC1D62926D9643400892038 /* FormStack.swift */ = {isa = PBXFileReference; lastKnownFileType = sourcecode.swift; path = FormStack.swift; sourceTree = "<group>"; };
		DCC1D62B26D97BB200892038 /* ErrorAlert.swift */ = {isa = PBXFileReference; lastKnownFileType = sourcecode.swift; path = ErrorAlert.swift; sourceTree = "<group>"; };
		DCC48F7326D80BC300EE49EF /* JoinStreamView.swift */ = {isa = PBXFileReference; lastKnownFileType = sourcecode.swift; path = JoinStreamView.swift; sourceTree = "<group>"; };
		DCC48F7626D8116C00EE49EF /* StreamView.swift */ = {isa = PBXFileReference; lastKnownFileType = sourcecode.swift; path = StreamView.swift; sourceTree = "<group>"; };
		DCC48F7A26D8288B00EE49EF /* APIErrorResponse.swift */ = {isa = PBXFileReference; fileEncoding = 4; lastKnownFileType = sourcecode.swift; path = APIErrorResponse.swift; sourceTree = "<group>"; };
		DCC48F7B26D8288B00EE49EF /* API.swift */ = {isa = PBXFileReference; fileEncoding = 4; lastKnownFileType = sourcecode.swift; path = API.swift; sourceTree = "<group>"; };
		DCC48F7C26D8288B00EE49EF /* APIRequest.swift */ = {isa = PBXFileReference; fileEncoding = 4; lastKnownFileType = sourcecode.swift; path = APIRequest.swift; sourceTree = "<group>"; };
		DCC48F9A26D8296300EE49EF /* LiveVideoError.swift */ = {isa = PBXFileReference; lastKnownFileType = sourcecode.swift; path = LiveVideoError.swift; sourceTree = "<group>"; };
		DCC48F9C26D82E9300EE49EF /* StreamTokenRequest.swift */ = {isa = PBXFileReference; lastKnownFileType = sourcecode.swift; path = StreamTokenRequest.swift; sourceTree = "<group>"; };
		DCC48FA026D8311700EE49EF /* PlayerManager.swift */ = {isa = PBXFileReference; lastKnownFileType = sourcecode.swift; path = PlayerManager.swift; sourceTree = "<group>"; };
		DCC48FA226D8322900EE49EF /* SwiftUIPlayerView.swift */ = {isa = PBXFileReference; lastKnownFileType = sourcecode.swift; path = SwiftUIPlayerView.swift; sourceTree = "<group>"; };
/* End PBXFileReference section */

/* Begin PBXFrameworksBuildPhase section */
		DC5F453226CC061A009C5C79 /* Frameworks */ = {
			isa = PBXFrameworksBuildPhase;
			buildActionMask = 2147483647;
			files = (
				DCC48F9826D828E500EE49EF /* Alamofire in Frameworks */,
				DC5F458D26CEBCC9009C5C79 /* TwilioVideo in Frameworks */,
				DCC48F7126D805C300EE49EF /* TwilioPlayer in Frameworks */,
				DC4AA66826D175A600E677D5 /* SwiftyUserDefaults in Frameworks */,
				DC5F458626CEA6CE009C5C79 /* InAppSettingsKit in Frameworks */,
			);
			runOnlyForDeploymentPostprocessing = 0;
		};
		DC5F454326CC061F009C5C79 /* Frameworks */ = {
			isa = PBXFrameworksBuildPhase;
			buildActionMask = 2147483647;
			files = (
			);
			runOnlyForDeploymentPostprocessing = 0;
		};
		DC5F454E26CC061F009C5C79 /* Frameworks */ = {
			isa = PBXFrameworksBuildPhase;
			buildActionMask = 2147483647;
			files = (
			);
			runOnlyForDeploymentPostprocessing = 0;
		};
/* End PBXFrameworksBuildPhase section */

/* Begin PBXGroup section */
		DC4AA65226D0118200E677D5 /* Views */ = {
			isa = PBXGroup;
			children = (
				DC4AA65E26D03E0600E677D5 /* Home */,
				DCC48F7226D80BA500EE49EF /* JoinStream */,
				DC4AA65C26D03DDF00E677D5 /* Settings */,
				DC4AA65D26D03DF100E677D5 /* SignIn */,
				DCC48F7526D8114300EE49EF /* Stream */,
				DC4AA65726D0127900E677D5 /* Style */,
			);
			path = Views;
			sourceTree = "<group>";
		};
		DC4AA65326D011C900E677D5 /* Launch */ = {
			isa = PBXGroup;
			children = (
				DC5F453826CC061A009C5C79 /* LiveVideoApp.swift */,
			);
			path = Launch;
			sourceTree = "<group>";
		};
		DC4AA65426D011F900E677D5 /* Managers */ = {
			isa = PBXGroup;
			children = (
				DCC48F7826D8288B00EE49EF /* API */,
				DC4AA65526D0125900E677D5 /* AppInfo */,
				DC4AA66326D1454A00E677D5 /* Auth */,
				DC4AA65626D0126A00E677D5 /* UserDefaults */,
			);
			path = Managers;
			sourceTree = "<group>";
		};
		DC4AA65526D0125900E677D5 /* AppInfo */ = {
			isa = PBXGroup;
			children = (
				DC5F458E26CEBEC8009C5C79 /* AppInfoStore.swift */,
			);
			path = AppInfo;
			sourceTree = "<group>";
		};
		DC4AA65626D0126A00E677D5 /* UserDefaults */ = {
			isa = PBXGroup;
			children = (
				DC5F459526CEC246009C5C79 /* UserDefaultsKeys.swift */,
				DC5F459326CEC1FF009C5C79 /* UserDefaultsManager.swift */,
			);
			path = UserDefaults;
			sourceTree = "<group>";
		};
		DC4AA65726D0127900E677D5 /* Style */ = {
			isa = PBXGroup;
			children = (
				DC4AA65826D0133600E677D5 /* Color.swift */,
				DCC1D62B26D97BB200892038 /* ErrorAlert.swift */,
				DCC1D62926D9643400892038 /* FormStack.swift */,
				DC4AA65F26D047DD00E677D5 /* FormTextFieldStyle.swift */,
				DC4AA66126D0493E00E677D5 /* PrimaryButtonStyle.swift */,
				DC1ED0F626E12C7400FFA769 /* ProgressHUD.swift */,
			);
			path = Style;
			sourceTree = "<group>";
		};
		DC4AA65C26D03DDF00E677D5 /* Settings */ = {
			isa = PBXGroup;
			children = (
				DC5F458726CEA7CB009C5C79 /* SettingsView.swift */,
			);
			path = Settings;
			sourceTree = "<group>";
		};
		DC4AA65D26D03DF100E677D5 /* SignIn */ = {
			isa = PBXGroup;
			children = (
				DC5F458226CDBA0B009C5C79 /* SignInView.swift */,
			);
			path = SignIn;
			sourceTree = "<group>";
		};
		DC4AA65E26D03E0600E677D5 /* Home */ = {
			isa = PBXGroup;
			children = (
				DC5F453A26CC061A009C5C79 /* HomeView.swift */,
			);
			path = Home;
			sourceTree = "<group>";
		};
		DC4AA66326D1454A00E677D5 /* Auth */ = {
			isa = PBXGroup;
			children = (
				DC4AA66426D1456100E677D5 /* AuthManager.swift */,
			);
			path = Auth;
			sourceTree = "<group>";
		};
		DC5F452C26CC061A009C5C79 = {
			isa = PBXGroup;
			children = (
				DC5F453726CC061A009C5C79 /* LiveVideo */,
				DC5F454926CC061F009C5C79 /* LiveVideoTests */,
				DC5F455426CC061F009C5C79 /* LiveVideoUITests */,
				DC5F453626CC061A009C5C79 /* Products */,
			);
			sourceTree = "<group>";
		};
		DC5F453626CC061A009C5C79 /* Products */ = {
			isa = PBXGroup;
			children = (
				DC5F453526CC061A009C5C79 /* LiveVideo.app */,
				DC5F454626CC061F009C5C79 /* LiveVideoTests.xctest */,
				DC5F455126CC061F009C5C79 /* LiveVideoUITests.xctest */,
			);
			name = Products;
			sourceTree = "<group>";
		};
		DC5F453726CC061A009C5C79 /* LiveVideo */ = {
			isa = PBXGroup;
			children = (
				DCC48F9926D8294900EE49EF /* Helpers */,
				DC4AA65326D011C900E677D5 /* Launch */,
				DC4AA65426D011F900E677D5 /* Managers */,
				DCC48F9E26D830D300EE49EF /* Twilio */,
				DC4AA65226D0118200E677D5 /* Views */,
				DC5F458926CEB413009C5C79 /* InAppSettings.bundle */,
				DC5F453C26CC061F009C5C79 /* Assets.xcassets */,
				DC5F454126CC061F009C5C79 /* Info.plist */,
				DC5F453E26CC061F009C5C79 /* Preview Content */,
			);
			path = LiveVideo;
			sourceTree = "<group>";
		};
		DC5F453E26CC061F009C5C79 /* Preview Content */ = {
			isa = PBXGroup;
			children = (
				DC5F453F26CC061F009C5C79 /* Preview Assets.xcassets */,
			);
			path = "Preview Content";
			sourceTree = "<group>";
		};
		DC5F454926CC061F009C5C79 /* LiveVideoTests */ = {
			isa = PBXGroup;
			children = (
				DC5F454A26CC061F009C5C79 /* LiveVideoTests.swift */,
				DC5F454C26CC061F009C5C79 /* Info.plist */,
			);
			path = LiveVideoTests;
			sourceTree = "<group>";
		};
		DC5F455426CC061F009C5C79 /* LiveVideoUITests */ = {
			isa = PBXGroup;
			children = (
				DC5F455526CC061F009C5C79 /* LiveVideoUITests.swift */,
				DC5F455726CC061F009C5C79 /* Info.plist */,
			);
			path = LiveVideoUITests;
			sourceTree = "<group>";
		};
		DCC1D62426D9393900892038 /* Stream */ = {
			isa = PBXGroup;
			children = (
				DCC1D62526D9396400892038 /* StreamManager.swift */,
				DCC1D62726D9568700892038 /* StreamConfig.swift */,
			);
			path = Stream;
			sourceTree = "<group>";
		};
		DCC48F7226D80BA500EE49EF /* JoinStream */ = {
			isa = PBXGroup;
			children = (
				DCC48F7326D80BC300EE49EF /* JoinStreamView.swift */,
			);
			path = JoinStream;
			sourceTree = "<group>";
		};
		DCC48F7526D8114300EE49EF /* Stream */ = {
			isa = PBXGroup;
			children = (
				DC1ED0F826E1440200FFA769 /* StreamStatusView.swift */,
				DC1ED0FC26E14D0B00FFA769 /* StreamToolbar.swift */,
				DC1ED0FA26E144AE00FFA769 /* StreamToolbarButton.swift */,
				DCC48F7626D8116C00EE49EF /* StreamView.swift */,
				DCC48FA226D8322900EE49EF /* SwiftUIPlayerView.swift */,
				DC1ED0EF26DFCD3C00FFA769 /* LiveBadge.swift */,
			);
			path = Stream;
			sourceTree = "<group>";
		};
		DCC48F7826D8288B00EE49EF /* API */ = {
			isa = PBXGroup;
			children = (
				DCC48F7B26D8288B00EE49EF /* API.swift */,
				DCC48F7A26D8288B00EE49EF /* APIErrorResponse.swift */,
				DCC48F7C26D8288B00EE49EF /* APIRequest.swift */,
				DCC48F9C26D82E9300EE49EF /* StreamTokenRequest.swift */,
			);
			path = API;
			sourceTree = "<group>";
		};
		DCC48F9926D8294900EE49EF /* Helpers */ = {
			isa = PBXGroup;
			children = (
				DCC48F9A26D8296300EE49EF /* LiveVideoError.swift */,
			);
			path = Helpers;
			sourceTree = "<group>";
		};
		DCC48F9E26D830D300EE49EF /* Twilio */ = {
			isa = PBXGroup;
			children = (
				DCC1D62426D9393900892038 /* Stream */,
				DCC48F9F26D830E300EE49EF /* Player */,
			);
			path = Twilio;
			sourceTree = "<group>";
		};
		DCC48F9F26D830E300EE49EF /* Player */ = {
			isa = PBXGroup;
			children = (
				DCC48FA026D8311700EE49EF /* PlayerManager.swift */,
			);
			path = Player;
			sourceTree = "<group>";
		};
/* End PBXGroup section */

/* Begin PBXNativeTarget section */
		DC5F453426CC061A009C5C79 /* LiveVideo */ = {
			isa = PBXNativeTarget;
			buildConfigurationList = DC5F455A26CC061F009C5C79 /* Build configuration list for PBXNativeTarget "LiveVideo" */;
			buildPhases = (
				DC5F453126CC061A009C5C79 /* Sources */,
				DC5F453226CC061A009C5C79 /* Frameworks */,
				DC5F453326CC061A009C5C79 /* Resources */,
			);
			buildRules = (
			);
			dependencies = (
			);
			name = LiveVideo;
			packageProductDependencies = (
				DC5F458526CEA6CE009C5C79 /* InAppSettingsKit */,
				DC5F458C26CEBCC9009C5C79 /* TwilioVideo */,
				DC4AA66726D175A600E677D5 /* SwiftyUserDefaults */,
				DCC48F7026D805C300EE49EF /* TwilioPlayer */,
				DCC48F9726D828E500EE49EF /* Alamofire */,
			);
			productName = LiveVideo;
			productReference = DC5F453526CC061A009C5C79 /* LiveVideo.app */;
			productType = "com.apple.product-type.application";
		};
		DC5F454526CC061F009C5C79 /* LiveVideoTests */ = {
			isa = PBXNativeTarget;
			buildConfigurationList = DC5F455D26CC061F009C5C79 /* Build configuration list for PBXNativeTarget "LiveVideoTests" */;
			buildPhases = (
				DC5F454226CC061F009C5C79 /* Sources */,
				DC5F454326CC061F009C5C79 /* Frameworks */,
				DC5F454426CC061F009C5C79 /* Resources */,
			);
			buildRules = (
			);
			dependencies = (
				DC5F454826CC061F009C5C79 /* PBXTargetDependency */,
			);
			name = LiveVideoTests;
			productName = LiveVideoTests;
			productReference = DC5F454626CC061F009C5C79 /* LiveVideoTests.xctest */;
			productType = "com.apple.product-type.bundle.unit-test";
		};
		DC5F455026CC061F009C5C79 /* LiveVideoUITests */ = {
			isa = PBXNativeTarget;
			buildConfigurationList = DC5F456026CC061F009C5C79 /* Build configuration list for PBXNativeTarget "LiveVideoUITests" */;
			buildPhases = (
				DC5F454D26CC061F009C5C79 /* Sources */,
				DC5F454E26CC061F009C5C79 /* Frameworks */,
				DC5F454F26CC061F009C5C79 /* Resources */,
			);
			buildRules = (
			);
			dependencies = (
				DC5F455326CC061F009C5C79 /* PBXTargetDependency */,
			);
			name = LiveVideoUITests;
			productName = LiveVideoUITests;
			productReference = DC5F455126CC061F009C5C79 /* LiveVideoUITests.xctest */;
			productType = "com.apple.product-type.bundle.ui-testing";
		};
/* End PBXNativeTarget section */

/* Begin PBXProject section */
		DC5F452D26CC061A009C5C79 /* Project object */ = {
			isa = PBXProject;
			attributes = {
				LastSwiftUpdateCheck = 1250;
				LastUpgradeCheck = 1250;
				TargetAttributes = {
					DC5F453426CC061A009C5C79 = {
						CreatedOnToolsVersion = 12.5.1;
					};
					DC5F454526CC061F009C5C79 = {
						CreatedOnToolsVersion = 12.5.1;
						TestTargetID = DC5F453426CC061A009C5C79;
					};
					DC5F455026CC061F009C5C79 = {
						CreatedOnToolsVersion = 12.5.1;
						TestTargetID = DC5F453426CC061A009C5C79;
					};
				};
			};
			buildConfigurationList = DC5F453026CC061A009C5C79 /* Build configuration list for PBXProject "LiveVideo" */;
			compatibilityVersion = "Xcode 9.3";
			developmentRegion = en;
			hasScannedForEncodings = 0;
			knownRegions = (
				en,
				Base,
			);
			mainGroup = DC5F452C26CC061A009C5C79;
			packageReferences = (
				DC5F458426CEA6CE009C5C79 /* XCRemoteSwiftPackageReference "InAppSettingsKit" */,
				DC5F458B26CEBCC8009C5C79 /* XCRemoteSwiftPackageReference "twilio-video-ios" */,
				DC4AA66626D175A600E677D5 /* XCRemoteSwiftPackageReference "SwiftyUserDefaults" */,
				DCC48F6F26D805C300EE49EF /* XCRemoteSwiftPackageReference "twilio-player-ios-internal-package" */,
				DCC48F9626D828E500EE49EF /* XCRemoteSwiftPackageReference "Alamofire" */,
			);
			productRefGroup = DC5F453626CC061A009C5C79 /* Products */;
			projectDirPath = "";
			projectRoot = "";
			targets = (
				DC5F453426CC061A009C5C79 /* LiveVideo */,
				DC5F454526CC061F009C5C79 /* LiveVideoTests */,
				DC5F455026CC061F009C5C79 /* LiveVideoUITests */,
			);
		};
/* End PBXProject section */

/* Begin PBXResourcesBuildPhase section */
		DC5F453326CC061A009C5C79 /* Resources */ = {
			isa = PBXResourcesBuildPhase;
			buildActionMask = 2147483647;
			files = (
				DC5F454026CC061F009C5C79 /* Preview Assets.xcassets in Resources */,
				DC5F458A26CEB413009C5C79 /* InAppSettings.bundle in Resources */,
				DC5F453D26CC061F009C5C79 /* Assets.xcassets in Resources */,
			);
			runOnlyForDeploymentPostprocessing = 0;
		};
		DC5F454426CC061F009C5C79 /* Resources */ = {
			isa = PBXResourcesBuildPhase;
			buildActionMask = 2147483647;
			files = (
			);
			runOnlyForDeploymentPostprocessing = 0;
		};
		DC5F454F26CC061F009C5C79 /* Resources */ = {
			isa = PBXResourcesBuildPhase;
			buildActionMask = 2147483647;
			files = (
			);
			runOnlyForDeploymentPostprocessing = 0;
		};
/* End PBXResourcesBuildPhase section */

/* Begin PBXSourcesBuildPhase section */
		DC5F453126CC061A009C5C79 /* Sources */ = {
			isa = PBXSourcesBuildPhase;
			buildActionMask = 2147483647;
			files = (
				DC5F458326CDBA0B009C5C79 /* SignInView.swift in Sources */,
				DC4AA66526D1456100E677D5 /* AuthManager.swift in Sources */,
				DC1ED0FD26E14D0B00FFA769 /* StreamToolbar.swift in Sources */,
				DC1ED0F926E1440200FFA769 /* StreamStatusView.swift in Sources */,
				DCC48FA326D8322900EE49EF /* SwiftUIPlayerView.swift in Sources */,
				DC1ED0F726E12C7400FFA769 /* ProgressHUD.swift in Sources */,
				DCC1D62626D9396400892038 /* StreamManager.swift in Sources */,
				DCC48F9B26D8296300EE49EF /* LiveVideoError.swift in Sources */,
				DC4AA66226D0493E00E677D5 /* PrimaryButtonStyle.swift in Sources */,
				DCC48F7426D80BC300EE49EF /* JoinStreamView.swift in Sources */,
				DCC48F8A26D8288B00EE49EF /* API.swift in Sources */,
				DC5F459626CEC247009C5C79 /* UserDefaultsKeys.swift in Sources */,
				DC5F458826CEA7CB009C5C79 /* SettingsView.swift in Sources */,
				DCC48F8926D8288B00EE49EF /* APIErrorResponse.swift in Sources */,
				DC5F459426CEC1FF009C5C79 /* UserDefaultsManager.swift in Sources */,
				DC5F458F26CEBEC8009C5C79 /* AppInfoStore.swift in Sources */,
				DCC1D62C26D97BB200892038 /* ErrorAlert.swift in Sources */,
				DCC48F9D26D82E9300EE49EF /* StreamTokenRequest.swift in Sources */,
				DC4AA65926D0133600E677D5 /* Color.swift in Sources */,
				DCC1D62826D9568700892038 /* StreamConfig.swift in Sources */,
				DC5F453B26CC061A009C5C79 /* HomeView.swift in Sources */,
				DCC1D62A26D9643400892038 /* FormStack.swift in Sources */,
				DC1ED0FB26E144AE00FFA769 /* StreamToolbarButton.swift in Sources */,
				DC5F453926CC061A009C5C79 /* LiveVideoApp.swift in Sources */,
				DCC48F7726D8116C00EE49EF /* StreamView.swift in Sources */,
				DCC48F8B26D8288B00EE49EF /* APIRequest.swift in Sources */,
				DC1ED0F026DFCD3C00FFA769 /* LiveBadge.swift in Sources */,
				DCC48FA126D8311700EE49EF /* PlayerManager.swift in Sources */,
				DC4AA66026D047DD00E677D5 /* FormTextFieldStyle.swift in Sources */,
			);
			runOnlyForDeploymentPostprocessing = 0;
		};
		DC5F454226CC061F009C5C79 /* Sources */ = {
			isa = PBXSourcesBuildPhase;
			buildActionMask = 2147483647;
			files = (
				DC5F454B26CC061F009C5C79 /* LiveVideoTests.swift in Sources */,
			);
			runOnlyForDeploymentPostprocessing = 0;
		};
		DC5F454D26CC061F009C5C79 /* Sources */ = {
			isa = PBXSourcesBuildPhase;
			buildActionMask = 2147483647;
			files = (
				DC5F455626CC061F009C5C79 /* LiveVideoUITests.swift in Sources */,
			);
			runOnlyForDeploymentPostprocessing = 0;
		};
/* End PBXSourcesBuildPhase section */

/* Begin PBXTargetDependency section */
		DC5F454826CC061F009C5C79 /* PBXTargetDependency */ = {
			isa = PBXTargetDependency;
			target = DC5F453426CC061A009C5C79 /* LiveVideo */;
			targetProxy = DC5F454726CC061F009C5C79 /* PBXContainerItemProxy */;
		};
		DC5F455326CC061F009C5C79 /* PBXTargetDependency */ = {
			isa = PBXTargetDependency;
			target = DC5F453426CC061A009C5C79 /* LiveVideo */;
			targetProxy = DC5F455226CC061F009C5C79 /* PBXContainerItemProxy */;
		};
/* End PBXTargetDependency section */

/* Begin XCBuildConfiguration section */
		DC5F455826CC061F009C5C79 /* Debug */ = {
			isa = XCBuildConfiguration;
			buildSettings = {
				ALWAYS_SEARCH_USER_PATHS = NO;
				CLANG_ANALYZER_NONNULL = YES;
				CLANG_ANALYZER_NUMBER_OBJECT_CONVERSION = YES_AGGRESSIVE;
				CLANG_CXX_LANGUAGE_STANDARD = "gnu++14";
				CLANG_CXX_LIBRARY = "libc++";
				CLANG_ENABLE_MODULES = YES;
				CLANG_ENABLE_OBJC_ARC = YES;
				CLANG_ENABLE_OBJC_WEAK = YES;
				CLANG_WARN_BLOCK_CAPTURE_AUTORELEASING = YES;
				CLANG_WARN_BOOL_CONVERSION = YES;
				CLANG_WARN_COMMA = YES;
				CLANG_WARN_CONSTANT_CONVERSION = YES;
				CLANG_WARN_DEPRECATED_OBJC_IMPLEMENTATIONS = YES;
				CLANG_WARN_DIRECT_OBJC_ISA_USAGE = YES_ERROR;
				CLANG_WARN_DOCUMENTATION_COMMENTS = YES;
				CLANG_WARN_EMPTY_BODY = YES;
				CLANG_WARN_ENUM_CONVERSION = YES;
				CLANG_WARN_INFINITE_RECURSION = YES;
				CLANG_WARN_INT_CONVERSION = YES;
				CLANG_WARN_NON_LITERAL_NULL_CONVERSION = YES;
				CLANG_WARN_OBJC_IMPLICIT_RETAIN_SELF = YES;
				CLANG_WARN_OBJC_LITERAL_CONVERSION = YES;
				CLANG_WARN_OBJC_ROOT_CLASS = YES_ERROR;
				CLANG_WARN_QUOTED_INCLUDE_IN_FRAMEWORK_HEADER = YES;
				CLANG_WARN_RANGE_LOOP_ANALYSIS = YES;
				CLANG_WARN_STRICT_PROTOTYPES = YES;
				CLANG_WARN_SUSPICIOUS_MOVE = YES;
				CLANG_WARN_UNGUARDED_AVAILABILITY = YES_AGGRESSIVE;
				CLANG_WARN_UNREACHABLE_CODE = YES;
				CLANG_WARN__DUPLICATE_METHOD_MATCH = YES;
				COPY_PHASE_STRIP = NO;
				DEBUG_INFORMATION_FORMAT = dwarf;
				ENABLE_STRICT_OBJC_MSGSEND = YES;
				ENABLE_TESTABILITY = YES;
				GCC_C_LANGUAGE_STANDARD = gnu11;
				GCC_DYNAMIC_NO_PIC = NO;
				GCC_NO_COMMON_BLOCKS = YES;
				GCC_OPTIMIZATION_LEVEL = 0;
				GCC_PREPROCESSOR_DEFINITIONS = (
					"DEBUG=1",
					"$(inherited)",
				);
				GCC_WARN_64_TO_32_BIT_CONVERSION = YES;
				GCC_WARN_ABOUT_RETURN_TYPE = YES_ERROR;
				GCC_WARN_UNDECLARED_SELECTOR = YES;
				GCC_WARN_UNINITIALIZED_AUTOS = YES_AGGRESSIVE;
				GCC_WARN_UNUSED_FUNCTION = YES;
				GCC_WARN_UNUSED_VARIABLE = YES;
				IPHONEOS_DEPLOYMENT_TARGET = 14.5;
				MTL_ENABLE_DEBUG_INFO = INCLUDE_SOURCE;
				MTL_FAST_MATH = YES;
				ONLY_ACTIVE_ARCH = YES;
				SDKROOT = iphoneos;
				SWIFT_ACTIVE_COMPILATION_CONDITIONS = DEBUG;
				SWIFT_OPTIMIZATION_LEVEL = "-Onone";
			};
			name = Debug;
		};
		DC5F455926CC061F009C5C79 /* Release */ = {
			isa = XCBuildConfiguration;
			buildSettings = {
				ALWAYS_SEARCH_USER_PATHS = NO;
				CLANG_ANALYZER_NONNULL = YES;
				CLANG_ANALYZER_NUMBER_OBJECT_CONVERSION = YES_AGGRESSIVE;
				CLANG_CXX_LANGUAGE_STANDARD = "gnu++14";
				CLANG_CXX_LIBRARY = "libc++";
				CLANG_ENABLE_MODULES = YES;
				CLANG_ENABLE_OBJC_ARC = YES;
				CLANG_ENABLE_OBJC_WEAK = YES;
				CLANG_WARN_BLOCK_CAPTURE_AUTORELEASING = YES;
				CLANG_WARN_BOOL_CONVERSION = YES;
				CLANG_WARN_COMMA = YES;
				CLANG_WARN_CONSTANT_CONVERSION = YES;
				CLANG_WARN_DEPRECATED_OBJC_IMPLEMENTATIONS = YES;
				CLANG_WARN_DIRECT_OBJC_ISA_USAGE = YES_ERROR;
				CLANG_WARN_DOCUMENTATION_COMMENTS = YES;
				CLANG_WARN_EMPTY_BODY = YES;
				CLANG_WARN_ENUM_CONVERSION = YES;
				CLANG_WARN_INFINITE_RECURSION = YES;
				CLANG_WARN_INT_CONVERSION = YES;
				CLANG_WARN_NON_LITERAL_NULL_CONVERSION = YES;
				CLANG_WARN_OBJC_IMPLICIT_RETAIN_SELF = YES;
				CLANG_WARN_OBJC_LITERAL_CONVERSION = YES;
				CLANG_WARN_OBJC_ROOT_CLASS = YES_ERROR;
				CLANG_WARN_QUOTED_INCLUDE_IN_FRAMEWORK_HEADER = YES;
				CLANG_WARN_RANGE_LOOP_ANALYSIS = YES;
				CLANG_WARN_STRICT_PROTOTYPES = YES;
				CLANG_WARN_SUSPICIOUS_MOVE = YES;
				CLANG_WARN_UNGUARDED_AVAILABILITY = YES_AGGRESSIVE;
				CLANG_WARN_UNREACHABLE_CODE = YES;
				CLANG_WARN__DUPLICATE_METHOD_MATCH = YES;
				COPY_PHASE_STRIP = NO;
				DEBUG_INFORMATION_FORMAT = "dwarf-with-dsym";
				ENABLE_NS_ASSERTIONS = NO;
				ENABLE_STRICT_OBJC_MSGSEND = YES;
				GCC_C_LANGUAGE_STANDARD = gnu11;
				GCC_NO_COMMON_BLOCKS = YES;
				GCC_WARN_64_TO_32_BIT_CONVERSION = YES;
				GCC_WARN_ABOUT_RETURN_TYPE = YES_ERROR;
				GCC_WARN_UNDECLARED_SELECTOR = YES;
				GCC_WARN_UNINITIALIZED_AUTOS = YES_AGGRESSIVE;
				GCC_WARN_UNUSED_FUNCTION = YES;
				GCC_WARN_UNUSED_VARIABLE = YES;
				IPHONEOS_DEPLOYMENT_TARGET = 14.5;
				MTL_ENABLE_DEBUG_INFO = NO;
				MTL_FAST_MATH = YES;
				SDKROOT = iphoneos;
				SWIFT_COMPILATION_MODE = wholemodule;
				SWIFT_OPTIMIZATION_LEVEL = "-O";
				VALIDATE_PRODUCT = YES;
			};
			name = Release;
		};
		DC5F455B26CC061F009C5C79 /* Debug */ = {
			isa = XCBuildConfiguration;
			buildSettings = {
				ASSETCATALOG_COMPILER_APPICON_NAME = AppIcon;
				ASSETCATALOG_COMPILER_GLOBAL_ACCENT_COLOR_NAME = AccentColor;
				CODE_SIGN_STYLE = Automatic;
				DEVELOPMENT_ASSET_PATHS = "\"LiveVideo/Preview Content\"";
				DEVELOPMENT_TEAM = SX5J6BN2KX;
				ENABLE_PREVIEWS = YES;
				INFOPLIST_FILE = LiveVideo/Info.plist;
				IPHONEOS_DEPLOYMENT_TARGET = 14.0;
				LD_RUNPATH_SEARCH_PATHS = (
					"$(inherited)",
					"@executable_path/Frameworks",
				);
				MARKETING_VERSION = 0.1.0;
				PRODUCT_BUNDLE_IDENTIFIER = com.twilio.LiveVideo;
				PRODUCT_NAME = "$(TARGET_NAME)";
				SWIFT_VERSION = 5.0;
				TARGETED_DEVICE_FAMILY = "1,2";
			};
			name = Debug;
		};
		DC5F455C26CC061F009C5C79 /* Release */ = {
			isa = XCBuildConfiguration;
			buildSettings = {
				ASSETCATALOG_COMPILER_APPICON_NAME = AppIcon;
				ASSETCATALOG_COMPILER_GLOBAL_ACCENT_COLOR_NAME = AccentColor;
				CODE_SIGN_STYLE = Automatic;
				DEVELOPMENT_ASSET_PATHS = "\"LiveVideo/Preview Content\"";
				DEVELOPMENT_TEAM = SX5J6BN2KX;
				ENABLE_PREVIEWS = YES;
				INFOPLIST_FILE = LiveVideo/Info.plist;
				IPHONEOS_DEPLOYMENT_TARGET = 14.0;
				LD_RUNPATH_SEARCH_PATHS = (
					"$(inherited)",
					"@executable_path/Frameworks",
				);
				MARKETING_VERSION = 0.1.0;
				PRODUCT_BUNDLE_IDENTIFIER = com.twilio.LiveVideo;
				PRODUCT_NAME = "$(TARGET_NAME)";
				SWIFT_VERSION = 5.0;
				TARGETED_DEVICE_FAMILY = "1,2";
			};
			name = Release;
		};
		DC5F455E26CC061F009C5C79 /* Debug */ = {
			isa = XCBuildConfiguration;
			buildSettings = {
				ALWAYS_EMBED_SWIFT_STANDARD_LIBRARIES = YES;
				BUNDLE_LOADER = "$(TEST_HOST)";
				CODE_SIGN_STYLE = Automatic;
				DEVELOPMENT_TEAM = SX5J6BN2KX;
				INFOPLIST_FILE = LiveVideoTests/Info.plist;
				IPHONEOS_DEPLOYMENT_TARGET = 14.0;
				LD_RUNPATH_SEARCH_PATHS = (
					"$(inherited)",
					"@executable_path/Frameworks",
					"@loader_path/Frameworks",
				);
				PRODUCT_BUNDLE_IDENTIFIER = com.twilio.LiveVideoTests;
				PRODUCT_NAME = "$(TARGET_NAME)";
				SWIFT_VERSION = 5.0;
				TARGETED_DEVICE_FAMILY = "1,2";
				TEST_HOST = "$(BUILT_PRODUCTS_DIR)/LiveVideo.app/LiveVideo";
			};
			name = Debug;
		};
		DC5F455F26CC061F009C5C79 /* Release */ = {
			isa = XCBuildConfiguration;
			buildSettings = {
				ALWAYS_EMBED_SWIFT_STANDARD_LIBRARIES = YES;
				BUNDLE_LOADER = "$(TEST_HOST)";
				CODE_SIGN_STYLE = Automatic;
				DEVELOPMENT_TEAM = SX5J6BN2KX;
				INFOPLIST_FILE = LiveVideoTests/Info.plist;
				IPHONEOS_DEPLOYMENT_TARGET = 14.0;
				LD_RUNPATH_SEARCH_PATHS = (
					"$(inherited)",
					"@executable_path/Frameworks",
					"@loader_path/Frameworks",
				);
				PRODUCT_BUNDLE_IDENTIFIER = com.twilio.LiveVideoTests;
				PRODUCT_NAME = "$(TARGET_NAME)";
				SWIFT_VERSION = 5.0;
				TARGETED_DEVICE_FAMILY = "1,2";
				TEST_HOST = "$(BUILT_PRODUCTS_DIR)/LiveVideo.app/LiveVideo";
			};
			name = Release;
		};
		DC5F456126CC061F009C5C79 /* Debug */ = {
			isa = XCBuildConfiguration;
			buildSettings = {
				ALWAYS_EMBED_SWIFT_STANDARD_LIBRARIES = YES;
				CODE_SIGN_STYLE = Automatic;
				DEVELOPMENT_TEAM = SX5J6BN2KX;
				INFOPLIST_FILE = LiveVideoUITests/Info.plist;
				LD_RUNPATH_SEARCH_PATHS = (
					"$(inherited)",
					"@executable_path/Frameworks",
					"@loader_path/Frameworks",
				);
				PRODUCT_BUNDLE_IDENTIFIER = com.twilio.LiveVideoUITests;
				PRODUCT_NAME = "$(TARGET_NAME)";
				SWIFT_VERSION = 5.0;
				TARGETED_DEVICE_FAMILY = "1,2";
				TEST_TARGET_NAME = LiveVideo;
			};
			name = Debug;
		};
		DC5F456226CC061F009C5C79 /* Release */ = {
			isa = XCBuildConfiguration;
			buildSettings = {
				ALWAYS_EMBED_SWIFT_STANDARD_LIBRARIES = YES;
				CODE_SIGN_STYLE = Automatic;
				DEVELOPMENT_TEAM = SX5J6BN2KX;
				INFOPLIST_FILE = LiveVideoUITests/Info.plist;
				LD_RUNPATH_SEARCH_PATHS = (
					"$(inherited)",
					"@executable_path/Frameworks",
					"@loader_path/Frameworks",
				);
				PRODUCT_BUNDLE_IDENTIFIER = com.twilio.LiveVideoUITests;
				PRODUCT_NAME = "$(TARGET_NAME)";
				SWIFT_VERSION = 5.0;
				TARGETED_DEVICE_FAMILY = "1,2";
				TEST_TARGET_NAME = LiveVideo;
			};
			name = Release;
		};
/* End XCBuildConfiguration section */

/* Begin XCConfigurationList section */
		DC5F453026CC061A009C5C79 /* Build configuration list for PBXProject "LiveVideo" */ = {
			isa = XCConfigurationList;
			buildConfigurations = (
				DC5F455826CC061F009C5C79 /* Debug */,
				DC5F455926CC061F009C5C79 /* Release */,
			);
			defaultConfigurationIsVisible = 0;
			defaultConfigurationName = Release;
		};
		DC5F455A26CC061F009C5C79 /* Build configuration list for PBXNativeTarget "LiveVideo" */ = {
			isa = XCConfigurationList;
			buildConfigurations = (
				DC5F455B26CC061F009C5C79 /* Debug */,
				DC5F455C26CC061F009C5C79 /* Release */,
			);
			defaultConfigurationIsVisible = 0;
			defaultConfigurationName = Release;
		};
		DC5F455D26CC061F009C5C79 /* Build configuration list for PBXNativeTarget "LiveVideoTests" */ = {
			isa = XCConfigurationList;
			buildConfigurations = (
				DC5F455E26CC061F009C5C79 /* Debug */,
				DC5F455F26CC061F009C5C79 /* Release */,
			);
			defaultConfigurationIsVisible = 0;
			defaultConfigurationName = Release;
		};
		DC5F456026CC061F009C5C79 /* Build configuration list for PBXNativeTarget "LiveVideoUITests" */ = {
			isa = XCConfigurationList;
			buildConfigurations = (
				DC5F456126CC061F009C5C79 /* Debug */,
				DC5F456226CC061F009C5C79 /* Release */,
			);
			defaultConfigurationIsVisible = 0;
			defaultConfigurationName = Release;
		};
/* End XCConfigurationList section */

/* Begin XCRemoteSwiftPackageReference section */
		DC4AA66626D175A600E677D5 /* XCRemoteSwiftPackageReference "SwiftyUserDefaults" */ = {
			isa = XCRemoteSwiftPackageReference;
			repositoryURL = "https://github.com/sunshinejr/SwiftyUserDefaults";
			requirement = {
				kind = upToNextMajorVersion;
				minimumVersion = 5.3.0;
			};
		};
		DC5F458426CEA6CE009C5C79 /* XCRemoteSwiftPackageReference "InAppSettingsKit" */ = {
			isa = XCRemoteSwiftPackageReference;
			repositoryURL = "https://github.com/futuretap/InAppSettingsKit";
			requirement = {
				kind = upToNextMajorVersion;
				minimumVersion = 3.3.3;
			};
		};
		DC5F458B26CEBCC8009C5C79 /* XCRemoteSwiftPackageReference "twilio-video-ios" */ = {
			isa = XCRemoteSwiftPackageReference;
			repositoryURL = "https://github.com/twilio/twilio-video-ios";
			requirement = {
				kind = upToNextMajorVersion;
				minimumVersion = 4.4.0;
			};
		};
		DCC48F6F26D805C300EE49EF /* XCRemoteSwiftPackageReference "twilio-player-ios-internal-package" */ = {
			isa = XCRemoteSwiftPackageReference;
			repositoryURL = "git@github.com:twilio/twilio-player-ios-internal-package.git";
			requirement = {
				kind = upToNextMajorVersion;
				minimumVersion = "1.0.0-rc33";
			};
		};
		DCC48F9626D828E500EE49EF /* XCRemoteSwiftPackageReference "Alamofire" */ = {
			isa = XCRemoteSwiftPackageReference;
			repositoryURL = "https://github.com/Alamofire/Alamofire";
			requirement = {
				kind = upToNextMajorVersion;
				minimumVersion = 5.4.3;
			};
		};
/* End XCRemoteSwiftPackageReference section */

/* Begin XCSwiftPackageProductDependency section */
		DC4AA66726D175A600E677D5 /* SwiftyUserDefaults */ = {
			isa = XCSwiftPackageProductDependency;
			package = DC4AA66626D175A600E677D5 /* XCRemoteSwiftPackageReference "SwiftyUserDefaults" */;
			productName = SwiftyUserDefaults;
		};
		DC5F458526CEA6CE009C5C79 /* InAppSettingsKit */ = {
			isa = XCSwiftPackageProductDependency;
			package = DC5F458426CEA6CE009C5C79 /* XCRemoteSwiftPackageReference "InAppSettingsKit" */;
			productName = InAppSettingsKit;
		};
		DC5F458C26CEBCC9009C5C79 /* TwilioVideo */ = {
			isa = XCSwiftPackageProductDependency;
			package = DC5F458B26CEBCC8009C5C79 /* XCRemoteSwiftPackageReference "twilio-video-ios" */;
			productName = TwilioVideo;
		};
		DCC48F7026D805C300EE49EF /* TwilioPlayer */ = {
			isa = XCSwiftPackageProductDependency;
			package = DCC48F6F26D805C300EE49EF /* XCRemoteSwiftPackageReference "twilio-player-ios-internal-package" */;
			productName = TwilioPlayer;
		};
		DCC48F9726D828E500EE49EF /* Alamofire */ = {
			isa = XCSwiftPackageProductDependency;
			package = DCC48F9626D828E500EE49EF /* XCRemoteSwiftPackageReference "Alamofire" */;
			productName = Alamofire;
		};
/* End XCSwiftPackageProductDependency section */
	};
	rootObject = DC5F452D26CC061A009C5C79 /* Project object */;
}
