{
  "pins" : [
    {
      "identity" : "alamofire",
      "kind" : "remoteSourceControl",
      "location" : "https://github.com/Alamofire/Alamofire",
      "state" : {
        "revision" : "f82c23a8a7ef8dc1a49a8bfc6a96883e79121864",
        "version" : "5.5.0"
      }
    },
    {
      "identity" : "conversations-ios",
      "kind" : "remoteSourceControl",
      "location" : "https://github.com/twilio/conversations-ios",
      "state" : {
        "revision" : "df44d958cdc810d343b06e555107d1ab0f66b491",
        "version" : "2.2.2"
      }
    },
    {
      "identity" : "cwlcatchexception",
      "kind" : "remoteSourceControl",
      "location" : "https://github.com/mattgallagher/CwlCatchException.git",
      "state" : {
        "revision" : "35f9e770f54ce62dd8526470f14c6e137cef3eea",
        "version" : "2.1.1"
      }
    },
    {
      "identity" : "cwlpreconditiontesting",
      "kind" : "remoteSourceControl",
      "location" : "https://github.com/mattgallagher/CwlPreconditionTesting.git",
      "state" : {
        "revision" : "c21f7bab5ca8eee0a9998bbd17ca1d0eb45d4688",
        "version" : "2.1.0"
      }
    },
    {
      "identity" : "keychainaccess",
      "kind" : "remoteSourceControl",
      "location" : "https://github.com/kishikawakatsumi/KeychainAccess",
      "state" : {
        "revision" : "84e546727d66f1adc5439debad16270d0fdd04e7",
        "version" : "4.2.2"
      }
    },
    {
      "identity" : "nimble",
      "kind" : "remoteSourceControl",
      "location" : "https://github.com/Quick/Nimble",
      "state" : {
        "revision" : "c93f16c25af5770f0d3e6af27c9634640946b068",
        "version" : "9.2.1"
      }
    },
    {
      "identity" : "quick",
      "kind" : "remoteSourceControl",
      "location" : "https://github.com/Quick/Quick",
      "state" : {
        "revision" : "bd86ca0141e3cfb333546de5a11ede63f0c4a0e6",
        "version" : "4.0.0"
      }
    },
    {
      "identity" : "twilio-live-player-ios",
      "kind" : "remoteSourceControl",
      "location" : "https://github.com/twilio/twilio-live-player-ios",
      "state" : {
        "revision" : "97dff98041229cfe90c9d2e5b930c836279a9a48",
        "version" : "1.1.0"
      }
    },
    {
      "identity" : "twilio-sync-ios",
      "kind" : "remoteSourceControl",
      "location" : "https://github.com/twilio/twilio-sync-ios",
      "state" : {
        "revision" : "dd300a5841544afc145feec90800ced480b7cfd2",
        "version" : "1.1.0"
      }
    },
    {
      "identity" : "twilio-video-ios",
      "kind" : "remoteSourceControl",
      "location" : "https://github.com/twilio/twilio-video-ios",
      "state" : {
        "revision" : "e028f87d5425316c39723c7bc2508f5349e36482",
        "version" : "4.6.3"
      }
    }
  ],
  "version" : 2
}
