{
  "object": {
    "pins": [
      {
        "package": "Alamofire",
        "repositoryURL": "https://github.com/Alamofire/Alamofire",
        "state": {
          "branch": null,
          "revision": "f96b619bcb2383b43d898402283924b80e2c4bae",
          "version": "5.4.3"
        }
      },
      {
        "package": "InAppSettingsKit",
        "repositoryURL": "https://github.com/futuretap/InAppSettingsKit",
        "state": {
          "branch": null,
          "revision": "297bc0fc1625df7117b75b3e238bf9a401ec1e24",
          "version": "3.3.3"
        }
      },
      {
        "package": "SwiftyUserDefaults",
        "repositoryURL": "https://github.com/sunshinejr/SwiftyUserDefaults",
        "state": {
          "branch": null,
          "revision": "f66bcd04088582c8fbb5cb8554d577e303bae396",
          "version": "5.3.0"
        }
      },
      {
        "package": "TwilioPlayer",
        "repositoryURL": "git@github.com:twilio/twilio-player-ios-internal-package.git",
        "state": {
          "branch": null,
          "revision": "a239b2fa15391931b29033773d44901cf60bee6c",
          "version": "1.0.0-rc33"
        }
      },
      {
        "package": "TwilioSyncClient",
        "repositoryURL": "https://github.com/twilio/twilio-sync-ios",
        "state": {
          "branch": null,
          "revision": "dd300a5841544afc145feec90800ced480b7cfd2",
          "version": "1.1.0"
        }
      },
      {
        "package": "TwilioVideo",
        "repositoryURL": "https://github.com/twilio/twilio-video-ios",
        "state": {
          "branch": null,
          "revision": "6d503871c3028484649b6da429d463c9d003270e",
          "version": "4.4.0"
        }
      }
    ]
  },
  "version": 1
}
